
Microsoft Visual Studio Solution File, Format Version 12.00
# Visual Studio Version 17
VisualStudioVersion = 17.5.002.0
MinimumVisualStudioVersion = 10.0.40219.1
Project("{9A19103F-16F7-4668-BE54-9A1E7A4F7556}") = "API", "API.csproj", "{7AC69D7B-9EAA-40E5-9601-934C0ED8B935}"
EndProject
Global
	GlobalSection(SolutionConfigurationPlatforms) = preSolution
		Debug|Any CPU = Debug|Any CPU
		Release|Any CPU = Release|Any CPU
	EndGlobalSection
	GlobalSection(ProjectConfigurationPlatforms) = postSolution
		{7AC69D7B-9EAA-40E5-9601-934C0ED8B935}.Debug|Any CPU.ActiveCfg = Debug|Any CPU
		{7AC69D7B-9EAA-40E5-9601-934C0ED8B935}.Debug|Any CPU.Build.0 = Debug|Any CPU
		{7AC69D7B-9EAA-40E5-9601-934C0ED8B935}.Release|Any CPU.ActiveCfg = Release|Any CPU
		{7AC69D7B-9EAA-40E5-9601-934C0ED8B935}.Release|Any CPU.Build.0 = Release|Any CPU
	EndGlobalSection
	GlobalSection(SolutionProperties) = preSolution
		HideSolutionNode = FALSE
	EndGlobalSection
	GlobalSection(ExtensibilityGlobals) = postSolution
		SolutionGuid = {BB18167A-CB3C-4222-B65B-2C5083B27210}
	EndGlobalSection
EndGlobal
